
Microsoft Visual Studio Solution File, Format Version 12.00
# Visual Studio 15
Project("{FAE04EC0-301F-11D3-BF4B-00C04F79EFBC}") = "UnityEngine.TestRunner", "UnityEngine.TestRunner.csproj", "{48D845C7-6E91-D571-C478-D3208D6BD6CC}"
EndProject
Project("{FAE04EC0-301F-11D3-BF4B-00C04F79EFBC}") = "Unity.Timeline", "Unity.Timeline.csproj", "{B5706F76-5993-5C53-0119-619D9FD3EAF3}"
EndProject
Project("{FAE04EC0-301F-11D3-BF4B-00C04F79EFBC}") = "UnityEngine.UI", "UnityEngine.UI.csproj", "{17723C4A-2884-C84E-2609-066330F1ED9F}"
EndProject
Project("{FAE04EC0-301F-11D3-BF4B-00C04F79EFBC}") = "Unity.TextMeshPro", "Unity.TextMeshPro.csproj", "{EBA10FCC-CEA0-BEF8-4870-7C70172C1491}"
EndProject
Project("{FAE04EC0-301F-11D3-BF4B-00C04F79EFBC}") = "Assembly-CSharp", "Assembly-CSharp.csproj", "{8586E835-B43C-B662-0A51-EF5FED089449}"
EndProject
Project("{FAE04EC0-301F-11D3-BF4B-00C04F79EFBC}") = "UnityEditor.TestRunner", "UnityEditor.TestRunner.csproj", "{DE3E56B1-5B8C-4265-30BF-52C117504C55}"
EndProject
Project("{FAE04EC0-301F-11D3-BF4B-00C04F79EFBC}") = "Unity.PlasticSCM.Editor", "Unity.PlasticSCM.Editor.csproj", "{34A6FE8A-789D-943E-0192-879FA95219A1}"
EndProject
Project("{FAE04EC0-301F-11D3-BF4B-00C04F79EFBC}") = "UnityEditor.UI", "UnityEditor.UI.csproj", "{E3E7165C-10FA-C9F0-009B-643D7B963A23}"
EndProject
Project("{FAE04EC0-301F-11D3-BF4B-00C04F79EFBC}") = "Unity.Services.Core.Editor", "Unity.Services.Core.Editor.csproj", "{12D1A6C6-2D85-36BB-63E2-2E8D7F0F1C5A}"
EndProject
Project("{FAE04EC0-301F-11D3-BF4B-00C04F79EFBC}") = "Unity.Timeline.Editor", "Unity.Timeline.Editor.csproj", "{68521A1F-0A50-7B40-EAE5-B5B4A403D5A5}"
EndProject
Project("{FAE04EC0-301F-11D3-BF4B-00C04F79EFBC}") = "Unity.VisualStudio.Editor", "Unity.VisualStudio.Editor.csproj", "{0E54296D-FD3D-A24D-3AE7-944C17D008B7}"
EndProject
Project("{FAE04EC0-301F-11D3-BF4B-00C04F79EFBC}") = "Unity.TextMeshPro.Editor", "Unity.TextMeshPro.Editor.csproj", "{9C69D3F0-AD2B-80BD-9843-C50D011E07BD}"
EndProject
Project("{FAE04EC0-301F-11D3-BF4B-00C04F79EFBC}") = "Unity.CollabProxy.Editor", "Unity.CollabProxy.Editor.csproj", "{4C990934-CA1E-2B34-279A-83797F8FB330}"
EndProject
Project("{FAE04EC0-301F-11D3-BF4B-00C04F79EFBC}") = "Unity.Rider.Editor", "Unity.Rider.Editor.csproj", "{FF5441DE-0524-61B4-43A1-226F7E358D3B}"
EndProject
Project("{FAE04EC0-301F-11D3-BF4B-00C04F79EFBC}") = "Unity.VSCode.Editor", "Unity.VSCode.Editor.csproj", "{B0A2D1BB-5F66-0D70-1838-93AD9D66B755}"
EndProject
Project("{FAE04EC0-301F-11D3-BF4B-00C04F79EFBC}") = "Unity.Scripting.Python.Editor", "Unity.Scripting.Python.Editor.csproj", "{CBDA074A-8076-B378-4300-1307E12DC750}"
EndProject
Project("{FAE04EC0-301F-11D3-BF4B-00C04F79EFBC}") = "Unity.Scripting.Python.Editor.PlatformCheck", "Unity.Scripting.Python.Editor.PlatformCheck.csproj", "{16BBE480-94BC-1D19-1849-C23C4836FFA7}"
EndProject
Project("{FAE04EC0-301F-11D3-BF4B-00C04F79EFBC}") = "UnityEngine.TestRunner", "UnityEngine.TestRunner.Player.csproj", "{68651042-E049-2FAD-7AC1-1B7744320BA7}"
EndProject
Project("{FAE04EC0-301F-11D3-BF4B-00C04F79EFBC}") = "Unity.Timeline", "Unity.Timeline.Player.csproj", "{DCA308EE-9525-96DD-A38C-058CC00E9159}"
EndProject
Project("{FAE04EC0-301F-11D3-BF4B-00C04F79EFBC}") = "UnityEngine.UI", "UnityEngine.UI.Player.csproj", "{AFDD5227-BD1E-0FDB-1EC4-D392CB855C8C}"
EndProject
Project("{FAE04EC0-301F-11D3-BF4B-00C04F79EFBC}") = "Unity.TextMeshPro", "Unity.TextMeshPro.Player.csproj", "{8B94028A-84E2-ED77-B135-5D07FC524473}"
EndProject
Project("{FAE04EC0-301F-11D3-BF4B-00C04F79EFBC}") = "Assembly-CSharp", "Assembly-CSharp.Player.csproj", "{A62A2775-FC6D-057A-62C0-1B2EC5145998}"
EndProject
Global
	GlobalSection(SolutionConfigurationPlatforms) = preSolution
		Debug|Any CPU = Debug|Any CPU
		Release|Any CPU = Release|Any CPU
	EndGlobalSection
	GlobalSection(ProjectConfigurationPlatforms) = postSolution
		{48D845C7-6E91-D571-C478-D3208D6BD6CC}.Debug|Any CPU.ActiveCfg = Debug|Any CPU
		{48D845C7-6E91-D571-C478-D3208D6BD6CC}.Debug|Any CPU.Build.0 = Debug|Any CPU
		{48D845C7-6E91-D571-C478-D3208D6BD6CC}.Release|Any CPU.ActiveCfg = Release|Any CPU
		{48D845C7-6E91-D571-C478-D3208D6BD6CC}.Release|Any CPU.Build.0 = Release|Any CPU
		{B5706F76-5993-5C53-0119-619D9FD3EAF3}.Debug|Any CPU.ActiveCfg = Debug|Any CPU
		{B5706F76-5993-5C53-0119-619D9FD3EAF3}.Debug|Any CPU.Build.0 = Debug|Any CPU
		{B5706F76-5993-5C53-0119-619D9FD3EAF3}.Release|Any CPU.ActiveCfg = Release|Any CPU
		{B5706F76-5993-5C53-0119-619D9FD3EAF3}.Release|Any CPU.Build.0 = Release|Any CPU
		{17723C4A-2884-C84E-2609-066330F1ED9F}.Debug|Any CPU.ActiveCfg = Debug|Any CPU
		{17723C4A-2884-C84E-2609-066330F1ED9F}.Debug|Any CPU.Build.0 = Debug|Any CPU
		{17723C4A-2884-C84E-2609-066330F1ED9F}.Release|Any CPU.ActiveCfg = Release|Any CPU
		{17723C4A-2884-C84E-2609-066330F1ED9F}.Release|Any CPU.Build.0 = Release|Any CPU
		{EBA10FCC-CEA0-BEF8-4870-7C70172C1491}.Debug|Any CPU.ActiveCfg = Debug|Any CPU
		{EBA10FCC-CEA0-BEF8-4870-7C70172C1491}.Debug|Any CPU.Build.0 = Debug|Any CPU
		{EBA10FCC-CEA0-BEF8-4870-7C70172C1491}.Release|Any CPU.ActiveCfg = Release|Any CPU
		{EBA10FCC-CEA0-BEF8-4870-7C70172C1491}.Release|Any CPU.Build.0 = Release|Any CPU
		{8586E835-B43C-B662-0A51-EF5FED089449}.Debug|Any CPU.ActiveCfg = Debug|Any CPU
		{8586E835-B43C-B662-0A51-EF5FED089449}.Debug|Any CPU.Build.0 = Debug|Any CPU
		{8586E835-B43C-B662-0A51-EF5FED089449}.Release|Any CPU.ActiveCfg = Release|Any CPU
		{8586E835-B43C-B662-0A51-EF5FED089449}.Release|Any CPU.Build.0 = Release|Any CPU
		{DE3E56B1-5B8C-4265-30BF-52C117504C55}.Debug|Any CPU.ActiveCfg = Debug|Any CPU
		{DE3E56B1-5B8C-4265-30BF-52C117504C55}.Debug|Any CPU.Build.0 = Debug|Any CPU
		{DE3E56B1-5B8C-4265-30BF-52C117504C55}.Release|Any CPU.ActiveCfg = Release|Any CPU
		{DE3E56B1-5B8C-4265-30BF-52C117504C55}.Release|Any CPU.Build.0 = Release|Any CPU
		{34A6FE8A-789D-943E-0192-879FA95219A1}.Debug|Any CPU.ActiveCfg = Debug|Any CPU
		{34A6FE8A-789D-943E-0192-879FA95219A1}.Debug|Any CPU.Build.0 = Debug|Any CPU
		{34A6FE8A-789D-943E-0192-879FA95219A1}.Release|Any CPU.ActiveCfg = Release|Any CPU
		{34A6FE8A-789D-943E-0192-879FA95219A1}.Release|Any CPU.Build.0 = Release|Any CPU
		{E3E7165C-10FA-C9F0-009B-643D7B963A23}.Debug|Any CPU.ActiveCfg = Debug|Any CPU
		{E3E7165C-10FA-C9F0-009B-643D7B963A23}.Debug|Any CPU.Build.0 = Debug|Any CPU
		{E3E7165C-10FA-C9F0-009B-643D7B963A23}.Release|Any CPU.ActiveCfg = Release|Any CPU
		{E3E7165C-10FA-C9F0-009B-643D7B963A23}.Release|Any CPU.Build.0 = Release|Any CPU
		{12D1A6C6-2D85-36BB-63E2-2E8D7F0F1C5A}.Debug|Any CPU.ActiveCfg = Debug|Any CPU
		{12D1A6C6-2D85-36BB-63E2-2E8D7F0F1C5A}.Debug|Any CPU.Build.0 = Debug|Any CPU
		{12D1A6C6-2D85-36BB-63E2-2E8D7F0F1C5A}.Release|Any CPU.ActiveCfg = Release|Any CPU
		{12D1A6C6-2D85-36BB-63E2-2E8D7F0F1C5A}.Release|Any CPU.Build.0 = Release|Any CPU
		{68521A1F-0A50-7B40-EAE5-B5B4A403D5A5}.Debug|Any CPU.ActiveCfg = Debug|Any CPU
		{68521A1F-0A50-7B40-EAE5-B5B4A403D5A5}.Debug|Any CPU.Build.0 = Debug|Any CPU
		{68521A1F-0A50-7B40-EAE5-B5B4A403D5A5}.Release|Any CPU.ActiveCfg = Release|Any CPU
		{68521A1F-0A50-7B40-EAE5-B5B4A403D5A5}.Release|Any CPU.Build.0 = Release|Any CPU
		{0E54296D-FD3D-A24D-3AE7-944C17D008B7}.Debug|Any CPU.ActiveCfg = Debug|Any CPU
		{0E54296D-FD3D-A24D-3AE7-944C17D008B7}.Debug|Any CPU.Build.0 = Debug|Any CPU
		{0E54296D-FD3D-A24D-3AE7-944C17D008B7}.Release|Any CPU.ActiveCfg = Release|Any CPU
		{0E54296D-FD3D-A24D-3AE7-944C17D008B7}.Release|Any CPU.Build.0 = Release|Any CPU
		{9C69D3F0-AD2B-80BD-9843-C50D011E07BD}.Debug|Any CPU.ActiveCfg = Debug|Any CPU
		{9C69D3F0-AD2B-80BD-9843-C50D011E07BD}.Debug|Any CPU.Build.0 = Debug|Any CPU
		{9C69D3F0-AD2B-80BD-9843-C50D011E07BD}.Release|Any CPU.ActiveCfg = Release|Any CPU
		{9C69D3F0-AD2B-80BD-9843-C50D011E07BD}.Release|Any CPU.Build.0 = Release|Any CPU
		{4C990934-CA1E-2B34-279A-83797F8FB330}.Debug|Any CPU.ActiveCfg = Debug|Any CPU
		{4C990934-CA1E-2B34-279A-83797F8FB330}.Debug|Any CPU.Build.0 = Debug|Any CPU
		{4C990934-CA1E-2B34-279A-83797F8FB330}.Release|Any CPU.ActiveCfg = Release|Any CPU
		{4C990934-CA1E-2B34-279A-83797F8FB330}.Release|Any CPU.Build.0 = Release|Any CPU
		{FF5441DE-0524-61B4-43A1-226F7E358D3B}.Debug|Any CPU.ActiveCfg = Debug|Any CPU
		{FF5441DE-0524-61B4-43A1-226F7E358D3B}.Debug|Any CPU.Build.0 = Debug|Any CPU
		{FF5441DE-0524-61B4-43A1-226F7E358D3B}.Release|Any CPU.ActiveCfg = Release|Any CPU
		{FF5441DE-0524-61B4-43A1-226F7E358D3B}.Release|Any CPU.Build.0 = Release|Any CPU
		{B0A2D1BB-5F66-0D70-1838-93AD9D66B755}.Debug|Any CPU.ActiveCfg = Debug|Any CPU
		{B0A2D1BB-5F66-0D70-1838-93AD9D66B755}.Debug|Any CPU.Build.0 = Debug|Any CPU
		{B0A2D1BB-5F66-0D70-1838-93AD9D66B755}.Release|Any CPU.ActiveCfg = Release|Any CPU
		{B0A2D1BB-5F66-0D70-1838-93AD9D66B755}.Release|Any CPU.Build.0 = Release|Any CPU
		{CBDA074A-8076-B378-4300-1307E12DC750}.Debug|Any CPU.ActiveCfg = Debug|Any CPU
		{CBDA074A-8076-B378-4300-1307E12DC750}.Debug|Any CPU.Build.0 = Debug|Any CPU
		{CBDA074A-8076-B378-4300-1307E12DC750}.Release|Any CPU.ActiveCfg = Release|Any CPU
		{CBDA074A-8076-B378-4300-1307E12DC750}.Release|Any CPU.Build.0 = Release|Any CPU
		{16BBE480-94BC-1D19-1849-C23C4836FFA7}.Debug|Any CPU.ActiveCfg = Debug|Any CPU
		{16BBE480-94BC-1D19-1849-C23C4836FFA7}.Debug|Any CPU.Build.0 = Debug|Any CPU
		{16BBE480-94BC-1D19-1849-C23C4836FFA7}.Release|Any CPU.ActiveCfg = Release|Any CPU
		{16BBE480-94BC-1D19-1849-C23C4836FFA7}.Release|Any CPU.Build.0 = Release|Any CPU
		{68651042-E049-2FAD-7AC1-1B7744320BA7}.Debug|Any CPU.ActiveCfg = Debug|Any CPU
		{68651042-E049-2FAD-7AC1-1B7744320BA7}.Debug|Any CPU.Build.0 = Debug|Any CPU
		{68651042-E049-2FAD-7AC1-1B7744320BA7}.Release|Any CPU.ActiveCfg = Release|Any CPU
		{68651042-E049-2FAD-7AC1-1B7744320BA7}.Release|Any CPU.Build.0 = Release|Any CPU
		{DCA308EE-9525-96DD-A38C-058CC00E9159}.Debug|Any CPU.ActiveCfg = Debug|Any CPU
		{DCA308EE-9525-96DD-A38C-058CC00E9159}.Debug|Any CPU.Build.0 = Debug|Any CPU
		{DCA308EE-9525-96DD-A38C-058CC00E9159}.Release|Any CPU.ActiveCfg = Release|Any CPU
		{DCA308EE-9525-96DD-A38C-058CC00E9159}.Release|Any CPU.Build.0 = Release|Any CPU
		{AFDD5227-BD1E-0FDB-1EC4-D392CB855C8C}.Debug|Any CPU.ActiveCfg = Debug|Any CPU
		{AFDD5227-BD1E-0FDB-1EC4-D392CB855C8C}.Debug|Any CPU.Build.0 = Debug|Any CPU
		{AFDD5227-BD1E-0FDB-1EC4-D392CB855C8C}.Release|Any CPU.ActiveCfg = Release|Any CPU
		{AFDD5227-BD1E-0FDB-1EC4-D392CB855C8C}.Release|Any CPU.Build.0 = Release|Any CPU
		{8B94028A-84E2-ED77-B135-5D07FC524473}.Debug|Any CPU.ActiveCfg = Debug|Any CPU
		{8B94028A-84E2-ED77-B135-5D07FC524473}.Debug|Any CPU.Build.0 = Debug|Any CPU
		{8B94028A-84E2-ED77-B135-5D07FC524473}.Release|Any CPU.ActiveCfg = Release|Any CPU
		{8B94028A-84E2-ED77-B135-5D07FC524473}.Release|Any CPU.Build.0 = Release|Any CPU
		{A62A2775-FC6D-057A-62C0-1B2EC5145998}.Debug|Any CPU.ActiveCfg = Debug|Any CPU
		{A62A2775-FC6D-057A-62C0-1B2EC5145998}.Debug|Any CPU.Build.0 = Debug|Any CPU
		{A62A2775-FC6D-057A-62C0-1B2EC5145998}.Release|Any CPU.ActiveCfg = Release|Any CPU
		{A62A2775-FC6D-057A-62C0-1B2EC5145998}.Release|Any CPU.Build.0 = Release|Any CPU
	EndGlobalSection
	GlobalSection(SolutionProperties) = preSolution
		HideSolutionNode = FALSE
	EndGlobalSection
EndGlobal
